<?xml version="1.0" encoding="utf-8"?>
<Project ToolsVersion="4.0" xmlns="http://schemas.microsoft.com/developer/msbuild/2003">
  <ItemGroup>
    <ClCompile Include="main.cpp" />
    <ClCompile Include="Utils.cpp">
      <Filter>Engine\Utils</Filter>
    </ClCompile>
    <ClCompile Include="Engine.cpp">
      <Filter>Engine</Filter>
    </ClCompile>
    <ClCompile Include="Texture.cpp">
      <Filter>Engine\Texture</Filter>
    </ClCompile>
    <ClCompile Include="Game.cpp" />
  </ItemGroup>
  <ItemGroup>
    <Filter Include="Engine">
      <UniqueIdentifier>{0f587ed5-6e1f-4550-a9b9-d702c086708f}</UniqueIdentifier>
    </Filter>
    <Filter Include="Game">
      <UniqueIdentifier>{3a4c3b07-ca94-425a-ac95-3b1306039f03}</UniqueIdentifier>
    </Filter>
    <Filter Include="Engine\Sprite">
      <UniqueIdentifier>{d2bbe52b-7bae-49a5-82a2-a60e8ec0927f}</UniqueIdentifier>
    </Filter>
    <Filter Include="Engine\Camera">
      <UniqueIdentifier>{7ba8ea3b-649b-4176-b36b-6443e574014b}</UniqueIdentifier>
    </Filter>
    <Filter Include="Engine\Input">
      <UniqueIdentifier>{204fa360-f970-4e61-90a4-846572f0a777}</UniqueIdentifier>
    </Filter>
    <Filter Include="Engine\Text">
      <UniqueIdentifier>{1302366d-7860-4d07-98e6-86ffc8a35f5b}</UniqueIdentifier>
    </Filter>
    <Filter Include="Engine\Utils">
      <UniqueIdentifier>{37e0137c-e624-438e-825a-4e9823ab1b1b}</UniqueIdentifier>
    </Filter>
    <Filter Include="Engine\Menu">
      <UniqueIdentifier>{f00587c5-8446-44ba-8180-ec17020bee60}</UniqueIdentifier>
    </Filter>
    <Filter Include="Game\Unit">
      <UniqueIdentifier>{6dc960fe-e185-4f3f-919e-645302bb4924}</UniqueIdentifier>
    </Filter>
    <Filter Include="Game\Game">
      <UniqueIdentifier>{240dd86f-c013-4210-92c0-fc9b27f006c5}</UniqueIdentifier>
    </Filter>
    <Filter Include="Engine\Geometry">
      <UniqueIdentifier>{d146e509-3eac-456e-b9eb-96bfc86c7789}</UniqueIdentifier>
    </Filter>
    <Filter Include="Game\Map">
      <UniqueIdentifier>{c675e85b-b798-4c99-aec2-bbbe0f30b176}</UniqueIdentifier>
    </Filter>
    <Filter Include="Game\Cell">
      <UniqueIdentifier>{d3970cf5-8c8b-4e59-8ed9-c2ead66aa78f}</UniqueIdentifier>
    </Filter>
    <Filter Include="Engine\Mesh">
      <UniqueIdentifier>{da2bee9b-f9fb-4ba4-9cf9-abdc1702a72b}</UniqueIdentifier>
    </Filter>
    <Filter Include="Engine\Texture">
      <UniqueIdentifier>{6061b09c-dec5-4431-9934-2872e6c1ca1d}</UniqueIdentifier>
    </Filter>
    <Filter Include="Engine\Shader">
      <UniqueIdentifier>{323ea8ee-ebe3-4790-b3f1-12421c2bf47b}</UniqueIdentifier>
    </Filter>
    <Filter Include="Engine\Data">
      <UniqueIdentifier>{96447134-fbc2-4b5f-91cf-8a65419b7631}</UniqueIdentifier>
    </Filter>
    <Filter Include="Trash">
      <UniqueIdentifier>{4647bd2e-8fc8-4448-b298-37c3f7a931aa}</UniqueIdentifier>
    </Filter>
    <Filter Include="Engine\Animation">
      <UniqueIdentifier>{0d197ab0-8da6-4792-8594-61504492789c}</UniqueIdentifier>
    </Filter>
    <Filter Include="Engine\Serialization">
      <UniqueIdentifier>{abb1d4dc-c894-429b-a127-5cc30181b758}</UniqueIdentifier>
    </Filter>
  </ItemGroup>
  <ItemGroup>
    <ClInclude Include="Loom.h">
      <Filter>Engine</Filter>
    </ClInclude>
    <ClInclude Include="Sprite.h">
      <Filter>Engine\Sprite</Filter>
    </ClInclude>
    <ClInclude Include="Enums.h">
      <Filter>Engine</Filter>
    </ClInclude>
    <ClInclude Include="Camera.h">
      <Filter>Engine\Camera</Filter>
    </ClInclude>
    <ClInclude Include="Control.h">
      <Filter>Engine\Input</Filter>
    </ClInclude>
    <ClInclude Include="Text.h">
      <Filter>Engine\Text</Filter>
    </ClInclude>
    <ClInclude Include="Data.h">
      <Filter>Engine\Data</Filter>
    </ClInclude>
    <ClInclude Include="Geometry.h">
      <Filter>Engine\Geometry</Filter>
    </ClInclude>
    <ClInclude Include="Utils.h">
      <Filter>Engine\Utils</Filter>
    </ClInclude>
    <ClInclude Include="Menu.h">
      <Filter>Engine\Menu</Filter>
    </ClInclude>
    <ClInclude Include="Game\Map.h">
      <Filter>Game\Map</Filter>
    </ClInclude>
    <ClInclude Include="Mesh.h">
      <Filter>Engine\Mesh</Filter>
    </ClInclude>
    <ClInclude Include="Shader.h">
      <Filter>Engine\Shader</Filter>
    </ClInclude>
    <ClInclude Include="Texture.h">
      <Filter>Engine\Texture</Filter>
    </ClInclude>
    <ClInclude Include="Engine.h">
      <Filter>Engine</Filter>
    </ClInclude>
    <ClInclude Include="Game.h" />
    <ClInclude Include="Game\Unit.h">
      <Filter>Game\Game</Filter>
    </ClInclude>
    <ClInclude Include="Game\Terrain.h">
      <Filter>Game\Game</Filter>
    </ClInclude>
    <ClInclude Include="Animation.h">
      <Filter>Engine\Animation</Filter>
    </ClInclude>
    <ClInclude Include="Serialization.h">
      <Filter>Engine\Serialization</Filter>
    </ClInclude>
  </ItemGroup>
  <ItemGroup>
    <None Include="Text.frag">
      <Filter>Engine\Text</Filter>
    </None>
    <None Include="Text.vert">
      <Filter>Engine\Text</Filter>
    </None>
    <None Include="Geometry.vert">
      <Filter>Engine\Geometry</Filter>
    </None>
    <None Include="Geometry.frag">
      <Filter>Engine\Geometry</Filter>
    </None>
    <None Include="Game\Map.frag">
      <Filter>Game\Map</Filter>
    </None>
    <None Include="Game\Map.vert">
      <Filter>Game\Map</Filter>
    </None>
    <None Include="Sprite.frag">
      <Filter>Engine\Sprite</Filter>
    </None>
    <None Include="Sprite.vert">
      <Filter>Engine\Sprite</Filter>
    </None>
  </ItemGroup>
</Project>