<?xml version="1.0" encoding="utf-8"?>
<Project ToolsVersion="4.0" xmlns="http://schemas.microsoft.com/developer/msbuild/2003">
  <ItemGroup>
    <ClCompile Include="main.cpp" />
    <ClCompile Include="Engine.cpp">
      <Filter>Engine</Filter>
    </ClCompile>
    <ClCompile Include="Sprite.cpp">
      <Filter>Engine\Sprite</Filter>
    </ClCompile>
    <ClCompile Include="Camera.cpp">
      <Filter>Camera</Filter>
    </ClCompile>
    <ClCompile Include="Object.cpp" />
    <ClCompile Include="Window.cpp" />
  </ItemGroup>
  <ItemGroup>
    <Filter Include="Debug">
      <UniqueIdentifier>{61581e31-9499-4f12-8523-ffd9c368a045}</UniqueIdentifier>
    </Filter>
    <Filter Include="Engine">
      <UniqueIdentifier>{0f587ed5-6e1f-4550-a9b9-d702c086708f}</UniqueIdentifier>
    </Filter>
    <Filter Include="Engine\Sprite">
      <UniqueIdentifier>{dc61b617-c016-40ee-84ab-0a64b350a738}</UniqueIdentifier>
    </Filter>
    <Filter Include="Engine\Sprite\Shader">
      <UniqueIdentifier>{2df1936d-fbbf-4d2d-a17c-a445424ebe92}</UniqueIdentifier>
    </Filter>
    <Filter Include="Engine\Data">
      <UniqueIdentifier>{6accf122-c4b9-4b2f-8067-d6d495ad69d3}</UniqueIdentifier>
    </Filter>
    <Filter Include="Camera">
      <UniqueIdentifier>{597bd4c4-f812-4ffe-8833-26de487a564a}</UniqueIdentifier>
    </Filter>
  </ItemGroup>
  <ItemGroup>
    <ClInclude Include="Mem_Leak.h">
      <Filter>Debug</Filter>
    </ClInclude>
    <ClInclude Include="Engine.h">
      <Filter>Engine</Filter>
    </ClInclude>
    <ClInclude Include="Sprite.h">
      <Filter>Engine\Sprite</Filter>
    </ClInclude>
    <ClInclude Include="Texture.hpp">
      <Filter>Engine\Data</Filter>
    </ClInclude>
    <ClInclude Include="Shader.hpp">
      <Filter>Engine\Data</Filter>
    </ClInclude>
    <ClInclude Include="Attribute.hpp">
      <Filter>Engine\Data</Filter>
    </ClInclude>
    <ClInclude Include="Camera.h">
      <Filter>Camera</Filter>
    </ClInclude>
    <ClInclude Include="Object.h" />
    <ClInclude Include="Window.h" />
  </ItemGroup>
  <ItemGroup>
    <None Include="Sprite.vert">
      <Filter>Engine\Sprite\Shader</Filter>
    </None>
    <None Include="Sprite.frag">
      <Filter>Engine\Sprite\Shader</Filter>
    </None>
  </ItemGroup>
</Project>